// !$*UTF8*$!
{
	archiveVersion = 1;
	classes = {
	};
	objectVersion = 46;
	objects = {

/* Begin PBXAggregateTarget section */
		A76F50401705D2E500DF52D5 /* Documentation */ = {
			isa = PBXAggregateTarget;
			buildConfigurationList = A76F50411705D2E500DF52D5 /* Build configuration list for PBXAggregateTarget "Documentation" */;
			buildPhases = (
				A76F50441705D2F100DF52D5 /* ShellScript */,
			);
			dependencies = (
			);
			name = Documentation;
			productName = Documentation;
		};
/* End PBXAggregateTarget section */

/* Begin PBXBuildFile section */
		A71902AB16A8029400C1EC52 /* Foundation.framework in Frameworks */ = {isa = PBXBuildFile; fileRef = A71902AA16A8029400C1EC52 /* Foundation.framework */; };
		A71902C616A802FF00C1EC52 /* DTDownload.m in Sources */ = {isa = PBXBuildFile; fileRef = A71902BF16A802FF00C1EC52 /* DTDownload.m */; };
		A71902C716A802FF00C1EC52 /* DTDownloadCache.m in Sources */ = {isa = PBXBuildFile; fileRef = A71902C116A802FF00C1EC52 /* DTDownloadCache.m */; };
		A71902C816A802FF00C1EC52 /* DTDownloadItem.m in Sources */ = {isa = PBXBuildFile; fileRef = A71902C316A802FF00C1EC52 /* DTDownloadItem.m */; };
		A71902C916A802FF00C1EC52 /* DTDownloadQueue.m in Sources */ = {isa = PBXBuildFile; fileRef = A71902C516A802FF00C1EC52 /* DTDownloadQueue.m */; };
		A71903CA16A8043000C1EC52 /* DTCachedFile.m in Sources */ = {isa = PBXBuildFile; fileRef = A71903C916A8043000C1EC52 /* DTCachedFile.m */; };
		A71903E316A8069100C1EC52 /* DTDownload.m in Sources */ = {isa = PBXBuildFile; fileRef = A71902BF16A802FF00C1EC52 /* DTDownload.m */; };
		A71903E416A807E300C1EC52 /* DTDownloadItem.m in Sources */ = {isa = PBXBuildFile; fileRef = A71902C316A802FF00C1EC52 /* DTDownloadItem.m */; };
		A71903E516A807E300C1EC52 /* DTDownloadQueue.m in Sources */ = {isa = PBXBuildFile; fileRef = A71902C516A802FF00C1EC52 /* DTDownloadQueue.m */; };
		A71903E616A807EC00C1EC52 /* DTCachedFile.m in Sources */ = {isa = PBXBuildFile; fileRef = A71903C916A8043000C1EC52 /* DTCachedFile.m */; };
		A71903F616A808A700C1EC52 /* SenTestingKit.framework in Frameworks */ = {isa = PBXBuildFile; fileRef = A71903F516A808A700C1EC52 /* SenTestingKit.framework */; };
		A719040616A808D400C1EC52 /* DTDownloadTest.m in Sources */ = {isa = PBXBuildFile; fileRef = A71903E816A8086400C1EC52 /* DTDownloadTest.m */; };
		A719040916A808E600C1EC52 /* Test1.txt.download in Resources */ = {isa = PBXBuildFile; fileRef = A719040716A808E600C1EC52 /* Test1.txt.download */; };
		A719040A16A808E600C1EC52 /* Test2.txt.download in Resources */ = {isa = PBXBuildFile; fileRef = A719040816A808E600C1EC52 /* Test2.txt.download */; };
		A719040E16A8097100C1EC52 /* libDTDownload (Mac).a in Frameworks */ = {isa = PBXBuildFile; fileRef = A71903D316A8068B00C1EC52 /* libDTDownload (Mac).a */; };
		A719042816A80CFF00C1EC52 /* Test in Resources */ = {isa = PBXBuildFile; fileRef = A719042716A80CFF00C1EC52 /* Test */; };
		A719042916A80FA800C1EC52 /* DTDownloadCache.m in Sources */ = {isa = PBXBuildFile; fileRef = A71902C116A802FF00C1EC52 /* DTDownloadCache.m */; };
		FABA5EAD178ED6BE00D13C5A /* UIKit.framework in Frameworks */ = {isa = PBXBuildFile; fileRef = FABA5EAC178ED6BE00D13C5A /* UIKit.framework */; };
		FABA5EAE178ED6BE00D13C5A /* Foundation.framework in Frameworks */ = {isa = PBXBuildFile; fileRef = A71902AA16A8029400C1EC52 /* Foundation.framework */; };
		FABA5EB0178ED6BE00D13C5A /* CoreGraphics.framework in Frameworks */ = {isa = PBXBuildFile; fileRef = FABA5EAF178ED6BE00D13C5A /* CoreGraphics.framework */; };
		FABA5EB6178ED6BE00D13C5A /* InfoPlist.strings in Resources */ = {isa = PBXBuildFile; fileRef = FABA5EB4178ED6BE00D13C5A /* InfoPlist.strings */; };
		FABA5EB8178ED6BE00D13C5A /* main.m in Sources */ = {isa = PBXBuildFile; fileRef = FABA5EB7178ED6BE00D13C5A /* main.m */; };
		FABA5EBC178ED6BE00D13C5A /* AppDelegate.m in Sources */ = {isa = PBXBuildFile; fileRef = FABA5EBB178ED6BE00D13C5A /* AppDelegate.m */; };
		FABA5EBE178ED6BE00D13C5A /* Default.png in Resources */ = {isa = PBXBuildFile; fileRef = FABA5EBD178ED6BE00D13C5A /* Default.png */; };
		FABA5EC0178ED6BE00D13C5A /* Default@2x.png in Resources */ = {isa = PBXBuildFile; fileRef = FABA5EBF178ED6BE00D13C5A /* Default@2x.png */; };
		FABA5EC2178ED6BE00D13C5A /* Default-568h@2x.png in Resources */ = {isa = PBXBuildFile; fileRef = FABA5EC1178ED6BE00D13C5A /* Default-568h@2x.png */; };
		FABA5EC5178ED6BE00D13C5A /* MainStoryboard_iPhone.storyboard in Resources */ = {isa = PBXBuildFile; fileRef = FABA5EC3178ED6BE00D13C5A /* MainStoryboard_iPhone.storyboard */; };
		FABA5EC8178ED6BE00D13C5A /* MainStoryboard_iPad.storyboard in Resources */ = {isa = PBXBuildFile; fileRef = FABA5EC6178ED6BE00D13C5A /* MainStoryboard_iPad.storyboard */; };
		FABA5ECB178ED6BE00D13C5A /* ViewController.m in Sources */ = {isa = PBXBuildFile; fileRef = FABA5ECA178ED6BE00D13C5A /* ViewController.m */; };
		FABA5ECF178ED6D900D13C5A /* libDTDownload.a in Frameworks */ = {isa = PBXBuildFile; fileRef = A71902A716A8029400C1EC52 /* libDTDownload.a */; };
		FABA5EED178EDB4300D13C5A /* libDTFoundation.a in Frameworks */ = {isa = PBXBuildFile; fileRef = A7724F0A16A954BB005391C2 /* libDTFoundation.a */; };
		FABA5EF5178EDB7900D13C5A /* CoreData.framework in Frameworks */ = {isa = PBXBuildFile; fileRef = FABA5EF4178EDB7900D13C5A /* CoreData.framework */; };
		FABA5EF9178EDCF000D13C5A /* QuartzCore.framework in Frameworks */ = {isa = PBXBuildFile; fileRef = FABA5EF8178EDCF000D13C5A /* QuartzCore.framework */; };
/* End PBXBuildFile section */

/* Begin PBXContainerItemProxy section */
		A719040C16A8096D00C1EC52 /* PBXContainerItemProxy */ = {
			isa = PBXContainerItemProxy;
			containerPortal = A719029F16A8029400C1EC52 /* Project object */;
			proxyType = 1;
			remoteGlobalIDString = A71903D216A8068B00C1EC52;
			remoteInfo = "DTDownload (Mac)";
		};
		A7724F0716A954BB005391C2 /* PBXContainerItemProxy */ = {
			isa = PBXContainerItemProxy;
			containerPortal = A719034B16A803A700C1EC52 /* DTFoundation.xcodeproj */;
			proxyType = 2;
			remoteGlobalIDString = A7BAD10E1483F934000E2B6A;
			remoteInfo = "Static Framework";
		};
		A7724F0916A954BB005391C2 /* PBXContainerItemProxy */ = {
			isa = PBXContainerItemProxy;
			containerPortal = A719034B16A803A700C1EC52 /* DTFoundation.xcodeproj */;
			proxyType = 2;
			remoteGlobalIDString = A70B4CE71486637E00873A4A;
			remoteInfo = "Static Library";
		};
		A7724F0B16A954BB005391C2 /* PBXContainerItemProxy */ = {
			isa = PBXContainerItemProxy;
			containerPortal = A719034B16A803A700C1EC52 /* DTFoundation.xcodeproj */;
			proxyType = 2;
			remoteGlobalIDString = A7D60FCF15D3B0BC00AEDD1B;
			remoteInfo = "Unit Tests";
		};
		A7724F0D16A954BB005391C2 /* PBXContainerItemProxy */ = {
			isa = PBXContainerItemProxy;
			containerPortal = A719034B16A803A700C1EC52 /* DTFoundation.xcodeproj */;
			proxyType = 2;
			remoteGlobalIDString = A710A5001607556000437D36;
			remoteInfo = "Static Library (Mac)";
		};
		A7724F0F16A954BB005391C2 /* PBXContainerItemProxy */ = {
			isa = PBXContainerItemProxy;
			containerPortal = A719034B16A803A700C1EC52 /* DTFoundation.xcodeproj */;
			proxyType = 2;
			remoteGlobalIDString = A7E383C2160DFEDB00CF72D6;
			remoteInfo = DTHTMLParser;
		};
		A7724F1116A954BB005391C2 /* PBXContainerItemProxy */ = {
			isa = PBXContainerItemProxy;
			containerPortal = A719034B16A803A700C1EC52 /* DTFoundation.xcodeproj */;
			proxyType = 2;
			remoteGlobalIDString = 3D7CE547166613B60028D339;
			remoteInfo = "DTHTMLParser (Mac)";
		};
		A7724F1316A954BB005391C2 /* PBXContainerItemProxy */ = {
			isa = PBXContainerItemProxy;
			containerPortal = A719034B16A803A700C1EC52 /* DTFoundation.xcodeproj */;
			proxyType = 2;
			remoteGlobalIDString = A7E383DA160DFF8600CF72D6;
			remoteInfo = DTZipArchive;
		};
		A7724F1916A954BB005391C2 /* PBXContainerItemProxy */ = {
			isa = PBXContainerItemProxy;
			containerPortal = A719034B16A803A700C1EC52 /* DTFoundation.xcodeproj */;
			proxyType = 2;
			remoteGlobalIDString = A78220BA168060CA005B602D;
			remoteInfo = DTUTI;
		};
		FAB87D08178BE59D00D0DCDC /* PBXContainerItemProxy */ = {
			isa = PBXContainerItemProxy;
			containerPortal = A719034B16A803A700C1EC52 /* DTFoundation.xcodeproj */;
			proxyType = 2;
			remoteGlobalIDString = A7D8C7C21723174600025675;
			remoteInfo = "DTZipArchive (Mac)";
		};
		FAB87D0A178BE59D00D0DCDC /* PBXContainerItemProxy */ = {
			isa = PBXContainerItemProxy;
			containerPortal = A719034B16A803A700C1EC52 /* DTFoundation.xcodeproj */;
			proxyType = 2;
			remoteGlobalIDString = A7E889A416A9B190009EF0DF;
			remoteInfo = "DTUTI (Mac)";
		};
		FABA5EE1178EDB4300D13C5A /* PBXContainerItemProxy */ = {
			isa = PBXContainerItemProxy;
			containerPortal = A719034B16A803A700C1EC52 /* DTFoundation.xcodeproj */;
			proxyType = 2;
			remoteGlobalIDString = A72121DA173BFFB1003C6F0A;
			remoteInfo = "DTReachability (iOS)";
		};
		FABA5EE3178EDB4300D13C5A /* PBXContainerItemProxy */ = {
			isa = PBXContainerItemProxy;
			containerPortal = A719034B16A803A700C1EC52 /* DTFoundation.xcodeproj */;
			proxyType = 2;
			remoteGlobalIDString = A72121EA173BFFED003C6F0A;
			remoteInfo = "DTReachability (Mac)";
		};
		FABA5EE5178EDB4300D13C5A /* PBXContainerItemProxy */ = {
			isa = PBXContainerItemProxy;
			containerPortal = A719034B16A803A700C1EC52 /* DTFoundation.xcodeproj */;
			proxyType = 2;
			remoteGlobalIDString = A7C92B7A174FB8900019D70A;
			remoteInfo = "DTSQLite (iOS)";
		};
		FABA5EE7178EDB4300D13C5A /* PBXContainerItemProxy */ = {
			isa = PBXContainerItemProxy;
			containerPortal = A719034B16A803A700C1EC52 /* DTFoundation.xcodeproj */;
			proxyType = 2;
			remoteGlobalIDString = A7C92B8C174FB9720019D70A;
			remoteInfo = "DTSQLite (Mac)";
		};
		FABA5EE9178EDB4300D13C5A /* PBXContainerItemProxy */ = {
			isa = PBXContainerItemProxy;
			containerPortal = A719034B16A803A700C1EC52 /* DTFoundation.xcodeproj */;
			proxyType = 2;
			remoteGlobalIDString = A70D74D01743AFBC00E6E626;
			remoteInfo = "DTSidePanels Demo";
		};
		FABA5EEB178EDB4300D13C5A /* PBXContainerItemProxy */ = {
			isa = PBXContainerItemProxy;
			containerPortal = A719034B16A803A700C1EC52 /* DTFoundation.xcodeproj */;
			proxyType = 2;
			remoteGlobalIDString = A7D9D62D1758C89800C29B6F;
			remoteInfo = "DTReachability Demo";
		};
		FABA5EEE178EDB5500D13C5A /* PBXContainerItemProxy */ = {
			isa = PBXContainerItemProxy;
			containerPortal = A719029F16A8029400C1EC52 /* Project object */;
			proxyType = 1;
			remoteGlobalIDString = A71902A616A8029400C1EC52;
			remoteInfo = "DTDownload (iOS)";
		};
		FABA5EF2178EDB5F00D13C5A /* PBXContainerItemProxy */ = {
			isa = PBXContainerItemProxy;
			containerPortal = A719034B16A803A700C1EC52 /* DTFoundation.xcodeproj */;
			proxyType = 1;
			remoteGlobalIDString = A70B4CE61486637E00873A4A;
			remoteInfo = "Static Library";
		};
/* End PBXContainerItemProxy section */

/* Begin PBXCopyFilesBuildPhase section */
		A71902A516A8029400C1EC52 /* CopyFiles */ = {
			isa = PBXCopyFilesBuildPhase;
			buildActionMask = 2147483647;
			dstPath = "include/${PRODUCT_NAME}";
			dstSubfolderSpec = 16;
			files = (
			);
			runOnlyForDeploymentPostprocessing = 0;
		};
/* End PBXCopyFilesBuildPhase section */

/* Begin PBXFileReference section */
		A71902A716A8029400C1EC52 /* libDTDownload.a */ = {isa = PBXFileReference; explicitFileType = archive.ar; includeInIndex = 0; path = libDTDownload.a; sourceTree = BUILT_PRODUCTS_DIR; };
		A71902AA16A8029400C1EC52 /* Foundation.framework */ = {isa = PBXFileReference; lastKnownFileType = wrapper.framework; name = Foundation.framework; path = System/Library/Frameworks/Foundation.framework; sourceTree = SDKROOT; };
		A71902B916A802D000C1EC52 /* DTDownload-Prefix.pch */ = {isa = PBXFileReference; fileEncoding = 4; lastKnownFileType = sourcecode.c.h; path = "DTDownload-Prefix.pch"; sourceTree = "<group>"; };
		A71902BE16A802FF00C1EC52 /* DTDownload.h */ = {isa = PBXFileReference; fileEncoding = 4; lastKnownFileType = sourcecode.c.h; path = DTDownload.h; sourceTree = "<group>"; };
		A71902BF16A802FF00C1EC52 /* DTDownload.m */ = {isa = PBXFileReference; fileEncoding = 4; lastKnownFileType = sourcecode.c.objc; path = DTDownload.m; sourceTree = "<group>"; };
		A71902C016A802FF00C1EC52 /* DTDownloadCache.h */ = {isa = PBXFileReference; fileEncoding = 4; lastKnownFileType = sourcecode.c.h; path = DTDownloadCache.h; sourceTree = "<group>"; };
		A71902C116A802FF00C1EC52 /* DTDownloadCache.m */ = {isa = PBXFileReference; fileEncoding = 4; lastKnownFileType = sourcecode.c.objc; path = DTDownloadCache.m; sourceTree = "<group>"; };
		A71902C216A802FF00C1EC52 /* DTDownloadItem.h */ = {isa = PBXFileReference; fileEncoding = 4; lastKnownFileType = sourcecode.c.h; path = DTDownloadItem.h; sourceTree = "<group>"; };
		A71902C316A802FF00C1EC52 /* DTDownloadItem.m */ = {isa = PBXFileReference; fileEncoding = 4; lastKnownFileType = sourcecode.c.objc; path = DTDownloadItem.m; sourceTree = "<group>"; };
		A71902C416A802FF00C1EC52 /* DTDownloadQueue.h */ = {isa = PBXFileReference; fileEncoding = 4; lastKnownFileType = sourcecode.c.h; path = DTDownloadQueue.h; sourceTree = "<group>"; };
		A71902C516A802FF00C1EC52 /* DTDownloadQueue.m */ = {isa = PBXFileReference; fileEncoding = 4; lastKnownFileType = sourcecode.c.objc; path = DTDownloadQueue.m; sourceTree = "<group>"; };
		A719034B16A803A700C1EC52 /* DTFoundation.xcodeproj */ = {isa = PBXFileReference; lastKnownFileType = "wrapper.pb-project"; name = DTFoundation.xcodeproj; path = DTFoundation/DTFoundation.xcodeproj; sourceTree = "<group>"; };
		A71903C816A8043000C1EC52 /* DTCachedFile.h */ = {isa = PBXFileReference; fileEncoding = 4; lastKnownFileType = sourcecode.c.h; path = DTCachedFile.h; sourceTree = "<group>"; };
		A71903C916A8043000C1EC52 /* DTCachedFile.m */ = {isa = PBXFileReference; fileEncoding = 4; lastKnownFileType = sourcecode.c.objc; path = DTCachedFile.m; sourceTree = "<group>"; };
		A71903CC16A804C000C1EC52 /* DTDownload.podspec */ = {isa = PBXFileReference; lastKnownFileType = text; path = DTDownload.podspec; sourceTree = "<group>"; };
		A71903CD16A804C000C1EC52 /* readme.markdown */ = {isa = PBXFileReference; lastKnownFileType = text; path = readme.markdown; sourceTree = "<group>"; };
		A71903CE16A804C000C1EC52 /* LICENSE */ = {isa = PBXFileReference; lastKnownFileType = text; path = LICENSE; sourceTree = "<group>"; };
		A71903D316A8068B00C1EC52 /* libDTDownload (Mac).a */ = {isa = PBXFileReference; explicitFileType = archive.ar; includeInIndex = 0; path = "libDTDownload (Mac).a"; sourceTree = BUILT_PRODUCTS_DIR; };
		A71903D716A8068B00C1EC52 /* AppKit.framework */ = {isa = PBXFileReference; lastKnownFileType = wrapper.framework; name = AppKit.framework; path = Library/Frameworks/AppKit.framework; sourceTree = SDKROOT; };
		A71903D816A8068B00C1EC52 /* CoreData.framework */ = {isa = PBXFileReference; lastKnownFileType = wrapper.framework; name = CoreData.framework; path = Library/Frameworks/CoreData.framework; sourceTree = SDKROOT; };
		A71903D916A8068B00C1EC52 /* Foundation.framework */ = {isa = PBXFileReference; lastKnownFileType = wrapper.framework; name = Foundation.framework; path = Library/Frameworks/Foundation.framework; sourceTree = SDKROOT; };
		A71903E816A8086400C1EC52 /* DTDownloadTest.m */ = {isa = PBXFileReference; lastKnownFileType = sourcecode.c.objc; path = DTDownloadTest.m; sourceTree = "<group>"; };
		A71903E916A8086400C1EC52 /* DTDownloadTest.h */ = {isa = PBXFileReference; lastKnownFileType = sourcecode.c.h; path = DTDownloadTest.h; sourceTree = "<group>"; };
		A71903F416A808A700C1EC52 /* UnitTests.octest */ = {isa = PBXFileReference; explicitFileType = wrapper.cfbundle; includeInIndex = 0; path = UnitTests.octest; sourceTree = BUILT_PRODUCTS_DIR; };
		A71903F516A808A700C1EC52 /* SenTestingKit.framework */ = {isa = PBXFileReference; lastKnownFileType = wrapper.framework; name = SenTestingKit.framework; path = Library/Frameworks/SenTestingKit.framework; sourceTree = DEVELOPER_DIR; };
		A719040516A808BB00C1EC52 /* UnitTests-Prefix.pch */ = {isa = PBXFileReference; lastKnownFileType = sourcecode.c.h; path = "UnitTests-Prefix.pch"; sourceTree = "<group>"; };
		A719040716A808E600C1EC52 /* Test1.txt.download */ = {isa = PBXFileReference; lastKnownFileType = folder; path = Test1.txt.download; sourceTree = "<group>"; };
		A719040816A808E600C1EC52 /* Test2.txt.download */ = {isa = PBXFileReference; lastKnownFileType = folder; path = Test2.txt.download; sourceTree = "<group>"; };
		A719042616A80C7200C1EC52 /* UnitTests-Info.plist */ = {isa = PBXFileReference; lastKnownFileType = text.plist.xml; path = "UnitTests-Info.plist"; sourceTree = "<group>"; };
		A719042716A80CFF00C1EC52 /* Test */ = {isa = PBXFileReference; fileEncoding = 4; lastKnownFileType = text; path = Test; sourceTree = "<group>"; };
		A76F503F1705D24A00DF52D5 /* AppledocSettings.plist */ = {isa = PBXFileReference; lastKnownFileType = text.plist.xml; path = AppledocSettings.plist; sourceTree = "<group>"; };
		FABA5EAB178ED6BE00D13C5A /* ImageDownloadSample.app */ = {isa = PBXFileReference; explicitFileType = wrapper.application; includeInIndex = 0; path = ImageDownloadSample.app; sourceTree = BUILT_PRODUCTS_DIR; };
		FABA5EAC178ED6BE00D13C5A /* UIKit.framework */ = {isa = PBXFileReference; lastKnownFileType = wrapper.framework; name = UIKit.framework; path = System/Library/Frameworks/UIKit.framework; sourceTree = SDKROOT; };
		FABA5EAF178ED6BE00D13C5A /* CoreGraphics.framework */ = {isa = PBXFileReference; lastKnownFileType = wrapper.framework; name = CoreGraphics.framework; path = System/Library/Frameworks/CoreGraphics.framework; sourceTree = SDKROOT; };
		FABA5EB3178ED6BE00D13C5A /* ImageDownloadSample-Info.plist */ = {isa = PBXFileReference; lastKnownFileType = text.plist.xml; path = "ImageDownloadSample-Info.plist"; sourceTree = "<group>"; };
		FABA5EB5178ED6BE00D13C5A /* en */ = {isa = PBXFileReference; lastKnownFileType = text.plist.strings; name = en; path = en.lproj/InfoPlist.strings; sourceTree = "<group>"; };
		FABA5EB7178ED6BE00D13C5A /* main.m */ = {isa = PBXFileReference; lastKnownFileType = sourcecode.c.objc; path = main.m; sourceTree = "<group>"; };
		FABA5EB9178ED6BE00D13C5A /* ImageDownloadSample-Prefix.pch */ = {isa = PBXFileReference; lastKnownFileType = sourcecode.c.h; path = "ImageDownloadSample-Prefix.pch"; sourceTree = "<group>"; };
		FABA5EBA178ED6BE00D13C5A /* AppDelegate.h */ = {isa = PBXFileReference; lastKnownFileType = sourcecode.c.h; path = AppDelegate.h; sourceTree = "<group>"; };
		FABA5EBB178ED6BE00D13C5A /* AppDelegate.m */ = {isa = PBXFileReference; lastKnownFileType = sourcecode.c.objc; path = AppDelegate.m; sourceTree = "<group>"; };
		FABA5EBD178ED6BE00D13C5A /* Default.png */ = {isa = PBXFileReference; lastKnownFileType = image.png; path = Default.png; sourceTree = "<group>"; };
		FABA5EBF178ED6BE00D13C5A /* Default@2x.png */ = {isa = PBXFileReference; lastKnownFileType = image.png; path = "Default@2x.png"; sourceTree = "<group>"; };
		FABA5EC1178ED6BE00D13C5A /* Default-568h@2x.png */ = {isa = PBXFileReference; lastKnownFileType = image.png; path = "Default-568h@2x.png"; sourceTree = "<group>"; };
		FABA5EC4178ED6BE00D13C5A /* en */ = {isa = PBXFileReference; lastKnownFileType = file.storyboard; name = en; path = en.lproj/MainStoryboard_iPhone.storyboard; sourceTree = "<group>"; };
		FABA5EC7178ED6BE00D13C5A /* en */ = {isa = PBXFileReference; lastKnownFileType = file.storyboard; name = en; path = en.lproj/MainStoryboard_iPad.storyboard; sourceTree = "<group>"; };
		FABA5EC9178ED6BE00D13C5A /* ViewController.h */ = {isa = PBXFileReference; lastKnownFileType = sourcecode.c.h; path = ViewController.h; sourceTree = "<group>"; };
		FABA5ECA178ED6BE00D13C5A /* ViewController.m */ = {isa = PBXFileReference; lastKnownFileType = sourcecode.c.objc; path = ViewController.m; sourceTree = "<group>"; };
		FABA5EF4178EDB7900D13C5A /* CoreData.framework */ = {isa = PBXFileReference; lastKnownFileType = wrapper.framework; name = CoreData.framework; path = System/Library/Frameworks/CoreData.framework; sourceTree = SDKROOT; };
		FABA5EF6178EDCC500D13C5A /* CoreMedia.framework */ = {isa = PBXFileReference; lastKnownFileType = wrapper.framework; name = CoreMedia.framework; path = System/Library/Frameworks/CoreMedia.framework; sourceTree = SDKROOT; };
		FABA5EF8178EDCF000D13C5A /* QuartzCore.framework */ = {isa = PBXFileReference; lastKnownFileType = wrapper.framework; name = QuartzCore.framework; path = System/Library/Frameworks/QuartzCore.framework; sourceTree = SDKROOT; };
/* End PBXFileReference section */

/* Begin PBXFrameworksBuildPhase section */
		A71902A416A8029400C1EC52 /* Frameworks */ = {
			isa = PBXFrameworksBuildPhase;
			buildActionMask = 2147483647;
			files = (
				A71902AB16A8029400C1EC52 /* Foundation.framework in Frameworks */,
			);
			runOnlyForDeploymentPostprocessing = 0;
		};
		A71903D016A8068B00C1EC52 /* Frameworks */ = {
			isa = PBXFrameworksBuildPhase;
			buildActionMask = 2147483647;
			files = (
			);
			runOnlyForDeploymentPostprocessing = 0;
		};
		A71903F016A808A700C1EC52 /* Frameworks */ = {
			isa = PBXFrameworksBuildPhase;
			buildActionMask = 2147483647;
			files = (
				A719040E16A8097100C1EC52 /* libDTDownload (Mac).a in Frameworks */,
				A71903F616A808A700C1EC52 /* SenTestingKit.framework in Frameworks */,
			);
			runOnlyForDeploymentPostprocessing = 0;
		};
		FABA5EA8178ED6BE00D13C5A /* Frameworks */ = {
			isa = PBXFrameworksBuildPhase;
			buildActionMask = 2147483647;
			files = (
				FABA5EF9178EDCF000D13C5A /* QuartzCore.framework in Frameworks */,
				FABA5EF5178EDB7900D13C5A /* CoreData.framework in Frameworks */,
				FABA5EED178EDB4300D13C5A /* libDTFoundation.a in Frameworks */,
				FABA5ECF178ED6D900D13C5A /* libDTDownload.a in Frameworks */,
				FABA5EAD178ED6BE00D13C5A /* UIKit.framework in Frameworks */,
				FABA5EAE178ED6BE00D13C5A /* Foundation.framework in Frameworks */,
				FABA5EB0178ED6BE00D13C5A /* CoreGraphics.framework in Frameworks */,
			);
			runOnlyForDeploymentPostprocessing = 0;
		};
/* End PBXFrameworksBuildPhase section */

/* Begin PBXGroup section */
		A719029E16A8029400C1EC52 = {
			isa = PBXGroup;
			children = (
				A71902CA16A803A700C1EC52 /* Externals */,
				A71902B816A802D000C1EC52 /* Core */,
				A71903CB16A804A700C1EC52 /* Documentation */,
				A71902BB16A802D900C1EC52 /* Test */,
				FABA5EB1178ED6BE00D13C5A /* ImageDownloadSample */,
				A71902A916A8029400C1EC52 /* Frameworks */,
				A71902A816A8029400C1EC52 /* Products */,
			);
			sourceTree = "<group>";
		};
		A71902A816A8029400C1EC52 /* Products */ = {
			isa = PBXGroup;
			children = (
				A71902A716A8029400C1EC52 /* libDTDownload.a */,
				A71903D316A8068B00C1EC52 /* libDTDownload (Mac).a */,
				A71903F416A808A700C1EC52 /* UnitTests.octest */,
				FABA5EAB178ED6BE00D13C5A /* ImageDownloadSample.app */,
			);
			name = Products;
			sourceTree = "<group>";
		};
		A71902A916A8029400C1EC52 /* Frameworks */ = {
			isa = PBXGroup;
			children = (
				FABA5EF8178EDCF000D13C5A /* QuartzCore.framework */,
				FABA5EF6178EDCC500D13C5A /* CoreMedia.framework */,
				FABA5EF4178EDB7900D13C5A /* CoreData.framework */,
				A71902AA16A8029400C1EC52 /* Foundation.framework */,
				A71903F516A808A700C1EC52 /* SenTestingKit.framework */,
				FABA5EAC178ED6BE00D13C5A /* UIKit.framework */,
				FABA5EAF178ED6BE00D13C5A /* CoreGraphics.framework */,
				A71903D616A8068B00C1EC52 /* Other Frameworks */,
			);
			name = Frameworks;
			sourceTree = "<group>";
		};
		A71902B816A802D000C1EC52 /* Core */ = {
			isa = PBXGroup;
			children = (
				A71902B916A802D000C1EC52 /* DTDownload-Prefix.pch */,
				A71902BA16A802D000C1EC52 /* Source */,
			);
			path = Core;
			sourceTree = "<group>";
		};
		A71902BA16A802D000C1EC52 /* Source */ = {
			isa = PBXGroup;
			children = (
				A71903C816A8043000C1EC52 /* DTCachedFile.h */,
				A71903C916A8043000C1EC52 /* DTCachedFile.m */,
				A71902BE16A802FF00C1EC52 /* DTDownload.h */,
				A71902BF16A802FF00C1EC52 /* DTDownload.m */,
				A71902C016A802FF00C1EC52 /* DTDownloadCache.h */,
				A71902C116A802FF00C1EC52 /* DTDownloadCache.m */,
				A71902C216A802FF00C1EC52 /* DTDownloadItem.h */,
				A71902C316A802FF00C1EC52 /* DTDownloadItem.m */,
				A71902C416A802FF00C1EC52 /* DTDownloadQueue.h */,
				A71902C516A802FF00C1EC52 /* DTDownloadQueue.m */,
			);
			path = Source;
			sourceTree = "<group>";
		};
		A71902BB16A802D900C1EC52 /* Test */ = {
			isa = PBXGroup;
			children = (
				A719042616A80C7200C1EC52 /* UnitTests-Info.plist */,
				A719040516A808BB00C1EC52 /* UnitTests-Prefix.pch */,
				A71902BC16A802D900C1EC52 /* Resources */,
				A71902BD16A802D900C1EC52 /* Source */,
			);
			path = Test;
			sourceTree = "<group>";
		};
		A71902BC16A802D900C1EC52 /* Resources */ = {
			isa = PBXGroup;
			children = (
				A719042716A80CFF00C1EC52 /* Test */,
				A719040716A808E600C1EC52 /* Test1.txt.download */,
				A719040816A808E600C1EC52 /* Test2.txt.download */,
			);
			path = Resources;
			sourceTree = "<group>";
		};
		A71902BD16A802D900C1EC52 /* Source */ = {
			isa = PBXGroup;
			children = (
				A71903E916A8086400C1EC52 /* DTDownloadTest.h */,
				A71903E816A8086400C1EC52 /* DTDownloadTest.m */,
			);
			path = Source;
			sourceTree = "<group>";
		};
		A71902CA16A803A700C1EC52 /* Externals */ = {
			isa = PBXGroup;
			children = (
				A719034B16A803A700C1EC52 /* DTFoundation.xcodeproj */,
			);
			path = Externals;
			sourceTree = "<group>";
		};
		A71903CB16A804A700C1EC52 /* Documentation */ = {
			isa = PBXGroup;
			children = (
				A76F503F1705D24A00DF52D5 /* AppledocSettings.plist */,
				A71903CC16A804C000C1EC52 /* DTDownload.podspec */,
				A71903CE16A804C000C1EC52 /* LICENSE */,
				A71903CD16A804C000C1EC52 /* readme.markdown */,
			);
			name = Documentation;
			sourceTree = "<group>";
		};
		A71903D616A8068B00C1EC52 /* Other Frameworks */ = {
			isa = PBXGroup;
			children = (
				A71903D716A8068B00C1EC52 /* AppKit.framework */,
				A71903D816A8068B00C1EC52 /* CoreData.framework */,
				A71903D916A8068B00C1EC52 /* Foundation.framework */,
			);
			name = "Other Frameworks";
			sourceTree = "<group>";
		};
		A7724EFA16A954BB005391C2 /* Products */ = {
			isa = PBXGroup;
			children = (
				A7724F0816A954BB005391C2 /* DTFoundation.framework */,
				A7724F0A16A954BB005391C2 /* libDTFoundation.a */,
				A7724F0C16A954BB005391C2 /* UnitTests.octest */,
				A7724F0E16A954BB005391C2 /* libDTFoundation_Mac.a */,
				A7724F1016A954BB005391C2 /* libDTHTMLParser_iOS.a */,
				A7724F1216A954BB005391C2 /* libDTHTMLParser_Mac.a */,
				A7724F1416A954BB005391C2 /* libDTZipArchive_iOS.a */,
				FAB87D09178BE59D00D0DCDC /* libDTZipArchive_Mac.a */,
				A7724F1A16A954BB005391C2 /* libDTUTI_iOS.a */,
				FAB87D0B178BE59D00D0DCDC /* libDTUTI_Mac.a */,
				FABA5EE2178EDB4300D13C5A /* libDTReachability_iOS.a */,
				FABA5EE4178EDB4300D13C5A /* libDTReachability_Mac.a */,
				FABA5EE6178EDB4300D13C5A /* libDTSQLite_iOS.a */,
				FABA5EE8178EDB4300D13C5A /* libDTSQLite_Mac.a */,
				FABA5EEA178EDB4300D13C5A /* DTSidePanels Demo.app */,
				FABA5EEC178EDB4300D13C5A /* DTReachability Demo.app */,
			);
			name = Products;
			sourceTree = "<group>";
		};
		FABA5EB1178ED6BE00D13C5A /* ImageDownloadSample */ = {
			isa = PBXGroup;
			children = (
				FABA5EBA178ED6BE00D13C5A /* AppDelegate.h */,
				FABA5EBB178ED6BE00D13C5A /* AppDelegate.m */,
				FABA5EC3178ED6BE00D13C5A /* MainStoryboard_iPhone.storyboard */,
				FABA5EC6178ED6BE00D13C5A /* MainStoryboard_iPad.storyboard */,
				FABA5EC9178ED6BE00D13C5A /* ViewController.h */,
				FABA5ECA178ED6BE00D13C5A /* ViewController.m */,
				FABA5EB2178ED6BE00D13C5A /* Supporting Files */,
			);
			path = ImageDownloadSample;
			sourceTree = "<group>";
		};
		FABA5EB2178ED6BE00D13C5A /* Supporting Files */ = {
			isa = PBXGroup;
			children = (
				FABA5EB3178ED6BE00D13C5A /* ImageDownloadSample-Info.plist */,
				FABA5EB4178ED6BE00D13C5A /* InfoPlist.strings */,
				FABA5EB7178ED6BE00D13C5A /* main.m */,
				FABA5EB9178ED6BE00D13C5A /* ImageDownloadSample-Prefix.pch */,
				FABA5EBD178ED6BE00D13C5A /* Default.png */,
				FABA5EBF178ED6BE00D13C5A /* Default@2x.png */,
				FABA5EC1178ED6BE00D13C5A /* Default-568h@2x.png */,
			);
			name = "Supporting Files";
			sourceTree = "<group>";
		};
/* End PBXGroup section */

/* Begin PBXHeadersBuildPhase section */
		A71903D116A8068B00C1EC52 /* Headers */ = {
			isa = PBXHeadersBuildPhase;
			buildActionMask = 2147483647;
			files = (
			);
			runOnlyForDeploymentPostprocessing = 0;
		};
/* End PBXHeadersBuildPhase section */

/* Begin PBXNativeTarget section */
		A71902A616A8029400C1EC52 /* DTDownload (iOS) */ = {
			isa = PBXNativeTarget;
			buildConfigurationList = A71902B516A8029400C1EC52 /* Build configuration list for PBXNativeTarget "DTDownload (iOS)" */;
			buildPhases = (
				A71902A316A8029400C1EC52 /* Sources */,
				A71902A416A8029400C1EC52 /* Frameworks */,
				A71902A516A8029400C1EC52 /* CopyFiles */,
			);
			buildRules = (
			);
			dependencies = (
			);
			name = "DTDownload (iOS)";
			productName = DTDownload;
			productReference = A71902A716A8029400C1EC52 /* libDTDownload.a */;
			productType = "com.apple.product-type.library.static";
		};
		A71903D216A8068B00C1EC52 /* DTDownload (Mac) */ = {
			isa = PBXNativeTarget;
			buildConfigurationList = A71903E016A8068B00C1EC52 /* Build configuration list for PBXNativeTarget "DTDownload (Mac)" */;
			buildPhases = (
				A71903CF16A8068B00C1EC52 /* Sources */,
				A71903D016A8068B00C1EC52 /* Frameworks */,
				A71903D116A8068B00C1EC52 /* Headers */,
			);
			buildRules = (
			);
			dependencies = (
			);
			name = "DTDownload (Mac)";
			productName = "DTDownload (Mac)";
			productReference = A71903D316A8068B00C1EC52 /* libDTDownload (Mac).a */;
			productType = "com.apple.product-type.library.static";
		};
		A71903F316A808A700C1EC52 /* Unit Tests */ = {
			isa = PBXNativeTarget;
			buildConfigurationList = A719040216A808A700C1EC52 /* Build configuration list for PBXNativeTarget "Unit Tests" */;
			buildPhases = (
				A71903EF16A808A700C1EC52 /* Sources */,
				A71903F016A808A700C1EC52 /* Frameworks */,
				A71903F116A808A700C1EC52 /* Resources */,
				A71903F216A808A700C1EC52 /* ShellScript */,
			);
			buildRules = (
			);
			dependencies = (
				A719040D16A8096D00C1EC52 /* PBXTargetDependency */,
			);
			name = "Unit Tests";
			productName = UnitTest;
			productReference = A71903F416A808A700C1EC52 /* UnitTests.octest */;
			productType = "com.apple.product-type.bundle";
		};
		FABA5EAA178ED6BE00D13C5A /* ImageDownloadSample */ = {
			isa = PBXNativeTarget;
			buildConfigurationList = FABA5ECE178ED6BE00D13C5A /* Build configuration list for PBXNativeTarget "ImageDownloadSample" */;
			buildPhases = (
				FABA5EA7178ED6BE00D13C5A /* Sources */,
				FABA5EA8178ED6BE00D13C5A /* Frameworks */,
				FABA5EA9178ED6BE00D13C5A /* Resources */,
			);
			buildRules = (
			);
			dependencies = (
				FABA5EF3178EDB5F00D13C5A /* PBXTargetDependency */,
				FABA5EEF178EDB5500D13C5A /* PBXTargetDependency */,
			);
			name = ImageDownloadSample;
			productName = ImageDownloadSample;
			productReference = FABA5EAB178ED6BE00D13C5A /* ImageDownloadSample.app */;
			productType = "com.apple.product-type.application";
		};
/* End PBXNativeTarget section */

/* Begin PBXProject section */
		A719029F16A8029400C1EC52 /* Project object */ = {
			isa = PBXProject;
			attributes = {
				LastUpgradeCheck = 0500;
				ORGANIZATIONNAME = "Drobnik KG";
			};
			buildConfigurationList = A71902A216A8029400C1EC52 /* Build configuration list for PBXProject "DTDownload" */;
			compatibilityVersion = "Xcode 3.2";
			developmentRegion = English;
			hasScannedForEncodings = 0;
			knownRegions = (
				en,
			);
			mainGroup = A719029E16A8029400C1EC52;
			productRefGroup = A71902A816A8029400C1EC52 /* Products */;
			projectDirPath = "";
			projectReferences = (
				{
					ProductGroup = A7724EFA16A954BB005391C2 /* Products */;
					ProjectRef = A719034B16A803A700C1EC52 /* DTFoundation.xcodeproj */;
				},
			);
			projectRoot = "";
			targets = (
				A71902A616A8029400C1EC52 /* DTDownload (iOS) */,
				A71903D216A8068B00C1EC52 /* DTDownload (Mac) */,
				A71903F316A808A700C1EC52 /* Unit Tests */,
				A76F50401705D2E500DF52D5 /* Documentation */,
				FABA5EAA178ED6BE00D13C5A /* ImageDownloadSample */,
			);
		};
/* End PBXProject section */

/* Begin PBXReferenceProxy section */
		A7724F0816A954BB005391C2 /* DTFoundation.framework */ = {
			isa = PBXReferenceProxy;
			fileType = wrapper.cfbundle;
			path = DTFoundation.framework;
			remoteRef = A7724F0716A954BB005391C2 /* PBXContainerItemProxy */;
			sourceTree = BUILT_PRODUCTS_DIR;
		};
		A7724F0A16A954BB005391C2 /* libDTFoundation.a */ = {
			isa = PBXReferenceProxy;
			fileType = archive.ar;
			path = libDTFoundation.a;
			remoteRef = A7724F0916A954BB005391C2 /* PBXContainerItemProxy */;
			sourceTree = BUILT_PRODUCTS_DIR;
		};
		A7724F0C16A954BB005391C2 /* UnitTests.octest */ = {
			isa = PBXReferenceProxy;
			fileType = wrapper.cfbundle;
			path = UnitTests.octest;
			remoteRef = A7724F0B16A954BB005391C2 /* PBXContainerItemProxy */;
			sourceTree = BUILT_PRODUCTS_DIR;
		};
		A7724F0E16A954BB005391C2 /* libDTFoundation_Mac.a */ = {
			isa = PBXReferenceProxy;
			fileType = archive.ar;
			path = libDTFoundation_Mac.a;
			remoteRef = A7724F0D16A954BB005391C2 /* PBXContainerItemProxy */;
			sourceTree = BUILT_PRODUCTS_DIR;
		};
		A7724F1016A954BB005391C2 /* libDTHTMLParser_iOS.a */ = {
			isa = PBXReferenceProxy;
			fileType = archive.ar;
			path = libDTHTMLParser_iOS.a;
			remoteRef = A7724F0F16A954BB005391C2 /* PBXContainerItemProxy */;
			sourceTree = BUILT_PRODUCTS_DIR;
		};
		A7724F1216A954BB005391C2 /* libDTHTMLParser_Mac.a */ = {
			isa = PBXReferenceProxy;
			fileType = archive.ar;
			path = libDTHTMLParser_Mac.a;
			remoteRef = A7724F1116A954BB005391C2 /* PBXContainerItemProxy */;
			sourceTree = BUILT_PRODUCTS_DIR;
		};
		A7724F1416A954BB005391C2 /* libDTZipArchive_iOS.a */ = {
			isa = PBXReferenceProxy;
			fileType = archive.ar;
			path = libDTZipArchive_iOS.a;
			remoteRef = A7724F1316A954BB005391C2 /* PBXContainerItemProxy */;
			sourceTree = BUILT_PRODUCTS_DIR;
		};
		A7724F1A16A954BB005391C2 /* libDTUTI_iOS.a */ = {
			isa = PBXReferenceProxy;
			fileType = archive.ar;
			path = libDTUTI_iOS.a;
			remoteRef = A7724F1916A954BB005391C2 /* PBXContainerItemProxy */;
			sourceTree = BUILT_PRODUCTS_DIR;
		};
		FAB87D09178BE59D00D0DCDC /* libDTZipArchive_Mac.a */ = {
			isa = PBXReferenceProxy;
			fileType = archive.ar;
			path = libDTZipArchive_Mac.a;
			remoteRef = FAB87D08178BE59D00D0DCDC /* PBXContainerItemProxy */;
			sourceTree = BUILT_PRODUCTS_DIR;
		};
		FAB87D0B178BE59D00D0DCDC /* libDTUTI_Mac.a */ = {
			isa = PBXReferenceProxy;
			fileType = archive.ar;
			path = libDTUTI_Mac.a;
			remoteRef = FAB87D0A178BE59D00D0DCDC /* PBXContainerItemProxy */;
			sourceTree = BUILT_PRODUCTS_DIR;
		};
		FABA5EE2178EDB4300D13C5A /* libDTReachability_iOS.a */ = {
			isa = PBXReferenceProxy;
			fileType = archive.ar;
			path = libDTReachability_iOS.a;
			remoteRef = FABA5EE1178EDB4300D13C5A /* PBXContainerItemProxy */;
			sourceTree = BUILT_PRODUCTS_DIR;
		};
		FABA5EE4178EDB4300D13C5A /* libDTReachability_Mac.a */ = {
			isa = PBXReferenceProxy;
			fileType = archive.ar;
			path = libDTReachability_Mac.a;
			remoteRef = FABA5EE3178EDB4300D13C5A /* PBXContainerItemProxy */;
			sourceTree = BUILT_PRODUCTS_DIR;
		};
		FABA5EE6178EDB4300D13C5A /* libDTSQLite_iOS.a */ = {
			isa = PBXReferenceProxy;
			fileType = archive.ar;
			path = libDTSQLite_iOS.a;
			remoteRef = FABA5EE5178EDB4300D13C5A /* PBXContainerItemProxy */;
			sourceTree = BUILT_PRODUCTS_DIR;
		};
		FABA5EE8178EDB4300D13C5A /* libDTSQLite_Mac.a */ = {
			isa = PBXReferenceProxy;
			fileType = archive.ar;
			path = libDTSQLite_Mac.a;
			remoteRef = FABA5EE7178EDB4300D13C5A /* PBXContainerItemProxy */;
			sourceTree = BUILT_PRODUCTS_DIR;
		};
		FABA5EEA178EDB4300D13C5A /* DTSidePanels Demo.app */ = {
			isa = PBXReferenceProxy;
			fileType = wrapper.application;
			path = "DTSidePanels Demo.app";
			remoteRef = FABA5EE9178EDB4300D13C5A /* PBXContainerItemProxy */;
			sourceTree = BUILT_PRODUCTS_DIR;
		};
		FABA5EEC178EDB4300D13C5A /* DTReachability Demo.app */ = {
			isa = PBXReferenceProxy;
			fileType = wrapper.application;
			path = "DTReachability Demo.app";
			remoteRef = FABA5EEB178EDB4300D13C5A /* PBXContainerItemProxy */;
			sourceTree = BUILT_PRODUCTS_DIR;
		};
/* End PBXReferenceProxy section */

/* Begin PBXResourcesBuildPhase section */
		A71903F116A808A700C1EC52 /* Resources */ = {
			isa = PBXResourcesBuildPhase;
			buildActionMask = 2147483647;
			files = (
				A719040916A808E600C1EC52 /* Test1.txt.download in Resources */,
				A719040A16A808E600C1EC52 /* Test2.txt.download in Resources */,
				A719042816A80CFF00C1EC52 /* Test in Resources */,
			);
			runOnlyForDeploymentPostprocessing = 0;
		};
		FABA5EA9178ED6BE00D13C5A /* Resources */ = {
			isa = PBXResourcesBuildPhase;
			buildActionMask = 2147483647;
			files = (
				FABA5EB6178ED6BE00D13C5A /* InfoPlist.strings in Resources */,
				FABA5EBE178ED6BE00D13C5A /* Default.png in Resources */,
				FABA5EC0178ED6BE00D13C5A /* Default@2x.png in Resources */,
				FABA5EC2178ED6BE00D13C5A /* Default-568h@2x.png in Resources */,
				FABA5EC5178ED6BE00D13C5A /* MainStoryboard_iPhone.storyboard in Resources */,
				FABA5EC8178ED6BE00D13C5A /* MainStoryboard_iPad.storyboard in Resources */,
			);
			runOnlyForDeploymentPostprocessing = 0;
		};
/* End PBXResourcesBuildPhase section */

/* Begin PBXShellScriptBuildPhase section */
		A71903F216A808A700C1EC52 /* ShellScript */ = {
			isa = PBXShellScriptBuildPhase;
			buildActionMask = 2147483647;
			files = (
			);
			inputPaths = (
			);
			outputPaths = (
			);
			runOnlyForDeploymentPostprocessing = 0;
			shellPath = /bin/sh;
			shellScript = "# Run the unit tests in this test bundle.\n\"${SYSTEM_DEVELOPER_DIR}/Tools/RunUnitTests\"\n";
		};
		A76F50441705D2F100DF52D5 /* ShellScript */ = {
			isa = PBXShellScriptBuildPhase;
			buildActionMask = 2147483647;
			files = (
			);
			inputPaths = (
			);
			outputPaths = (
			);
			runOnlyForDeploymentPostprocessing = 0;
			shellPath = /bin/sh;
			shellScript = "/usr/local/bin/appledoc --print-settings --output \"${BUILD_DIR}/Documentation/\" \"${PROJECT_DIR}\"\necho \"Documentation Output directory: ${BUILD_DIR}/Documentation/\"";
			showEnvVarsInLog = 0;
		};
/* End PBXShellScriptBuildPhase section */

/* Begin PBXSourcesBuildPhase section */
		A71902A316A8029400C1EC52 /* Sources */ = {
			isa = PBXSourcesBuildPhase;
			buildActionMask = 2147483647;
			files = (
				A71902C616A802FF00C1EC52 /* DTDownload.m in Sources */,
				A71902C716A802FF00C1EC52 /* DTDownloadCache.m in Sources */,
				A71902C816A802FF00C1EC52 /* DTDownloadItem.m in Sources */,
				A71902C916A802FF00C1EC52 /* DTDownloadQueue.m in Sources */,
				A71903CA16A8043000C1EC52 /* DTCachedFile.m in Sources */,
			);
			runOnlyForDeploymentPostprocessing = 0;
		};
		A71903CF16A8068B00C1EC52 /* Sources */ = {
			isa = PBXSourcesBuildPhase;
			buildActionMask = 2147483647;
			files = (
				A71903E316A8069100C1EC52 /* DTDownload.m in Sources */,
				A71903E416A807E300C1EC52 /* DTDownloadItem.m in Sources */,
				A71903E516A807E300C1EC52 /* DTDownloadQueue.m in Sources */,
				A71903E616A807EC00C1EC52 /* DTCachedFile.m in Sources */,
				A719042916A80FA800C1EC52 /* DTDownloadCache.m in Sources */,
			);
			runOnlyForDeploymentPostprocessing = 0;
		};
		A71903EF16A808A700C1EC52 /* Sources */ = {
			isa = PBXSourcesBuildPhase;
			buildActionMask = 2147483647;
			files = (
				A719040616A808D400C1EC52 /* DTDownloadTest.m in Sources */,
			);
			runOnlyForDeploymentPostprocessing = 0;
		};
		FABA5EA7178ED6BE00D13C5A /* Sources */ = {
			isa = PBXSourcesBuildPhase;
			buildActionMask = 2147483647;
			files = (
				FABA5EB8178ED6BE00D13C5A /* main.m in Sources */,
				FABA5EBC178ED6BE00D13C5A /* AppDelegate.m in Sources */,
				FABA5ECB178ED6BE00D13C5A /* ViewController.m in Sources */,
			);
			runOnlyForDeploymentPostprocessing = 0;
		};
/* End PBXSourcesBuildPhase section */

/* Begin PBXTargetDependency section */
		A719040D16A8096D00C1EC52 /* PBXTargetDependency */ = {
			isa = PBXTargetDependency;
			target = A71903D216A8068B00C1EC52 /* DTDownload (Mac) */;
			targetProxy = A719040C16A8096D00C1EC52 /* PBXContainerItemProxy */;
		};
		FABA5EEF178EDB5500D13C5A /* PBXTargetDependency */ = {
			isa = PBXTargetDependency;
			target = A71902A616A8029400C1EC52 /* DTDownload (iOS) */;
			targetProxy = FABA5EEE178EDB5500D13C5A /* PBXContainerItemProxy */;
		};
		FABA5EF3178EDB5F00D13C5A /* PBXTargetDependency */ = {
			isa = PBXTargetDependency;
			name = "Static Library";
			targetProxy = FABA5EF2178EDB5F00D13C5A /* PBXContainerItemProxy */;
		};
/* End PBXTargetDependency section */

/* Begin PBXVariantGroup section */
		FABA5EB4178ED6BE00D13C5A /* InfoPlist.strings */ = {
			isa = PBXVariantGroup;
			children = (
				FABA5EB5178ED6BE00D13C5A /* en */,
			);
			name = InfoPlist.strings;
			sourceTree = "<group>";
		};
		FABA5EC3178ED6BE00D13C5A /* MainStoryboard_iPhone.storyboard */ = {
			isa = PBXVariantGroup;
			children = (
				FABA5EC4178ED6BE00D13C5A /* en */,
			);
			name = MainStoryboard_iPhone.storyboard;
			sourceTree = "<group>";
		};
		FABA5EC6178ED6BE00D13C5A /* MainStoryboard_iPad.storyboard */ = {
			isa = PBXVariantGroup;
			children = (
				FABA5EC7178ED6BE00D13C5A /* en */,
			);
			name = MainStoryboard_iPad.storyboard;
			sourceTree = "<group>";
		};
/* End PBXVariantGroup section */

/* Begin XCBuildConfiguration section */
		A71902B316A8029400C1EC52 /* Debug */ = {
			isa = XCBuildConfiguration;
			buildSettings = {
				ALWAYS_SEARCH_USER_PATHS = NO;
				CLANG_CXX_LANGUAGE_STANDARD = "gnu++0x";
				CLANG_CXX_LIBRARY = "libc++";
				CLANG_ENABLE_OBJC_ARC = YES;
				CLANG_WARN_CONSTANT_CONVERSION = YES;
				CLANG_WARN_EMPTY_BODY = YES;
				CLANG_WARN_ENUM_CONVERSION = YES;
				CLANG_WARN_INT_CONVERSION = YES;
				CLANG_WARN__DUPLICATE_METHOD_MATCH = YES;
				COPY_PHASE_STRIP = NO;
				GCC_C_LANGUAGE_STANDARD = gnu99;
				GCC_DYNAMIC_NO_PIC = NO;
				GCC_OPTIMIZATION_LEVEL = 0;
				GCC_PREPROCESSOR_DEFINITIONS = (
					"DEBUG=1",
					"$(inherited)",
				);
				GCC_SYMBOLS_PRIVATE_EXTERN = NO;
				GCC_WARN_ABOUT_RETURN_TYPE = YES;
				GCC_WARN_UNINITIALIZED_AUTOS = YES;
				GCC_WARN_UNUSED_VARIABLE = YES;
				IPHONEOS_DEPLOYMENT_TARGET = 6.1;
				ONLY_ACTIVE_ARCH = YES;
				SDKROOT = iphoneos;
			};
			name = Debug;
		};
		A71902B416A8029400C1EC52 /* Release */ = {
			isa = XCBuildConfiguration;
			buildSettings = {
				ALWAYS_SEARCH_USER_PATHS = NO;
				CLANG_CXX_LANGUAGE_STANDARD = "gnu++0x";
				CLANG_CXX_LIBRARY = "libc++";
				CLANG_ENABLE_OBJC_ARC = YES;
				CLANG_WARN_CONSTANT_CONVERSION = YES;
				CLANG_WARN_EMPTY_BODY = YES;
				CLANG_WARN_ENUM_CONVERSION = YES;
				CLANG_WARN_INT_CONVERSION = YES;
				CLANG_WARN__DUPLICATE_METHOD_MATCH = YES;
				COPY_PHASE_STRIP = YES;
				GCC_C_LANGUAGE_STANDARD = gnu99;
				GCC_WARN_ABOUT_RETURN_TYPE = YES;
				GCC_WARN_UNINITIALIZED_AUTOS = YES;
				GCC_WARN_UNUSED_VARIABLE = YES;
				IPHONEOS_DEPLOYMENT_TARGET = 6.1;
				SDKROOT = iphoneos;
				VALIDATE_PRODUCT = YES;
			};
			name = Release;
		};
		A71902B616A8029400C1EC52 /* Debug */ = {
			isa = XCBuildConfiguration;
			buildSettings = {
				DSTROOT = /tmp/DTDownload.dst;
				GCC_PRECOMPILE_PREFIX_HEADER = YES;
				GCC_PREFIX_HEADER = "Core/DTDownload-Prefix.pch";
				IPHONEOS_DEPLOYMENT_TARGET = 5.0;
				PRODUCT_NAME = DTDownload;
				SKIP_INSTALL = YES;
				USER_HEADER_SEARCH_PATHS = "Externals/DTFoundation/Core/Source Externals/DTFoundation/Core/Source/iOS";
			};
			name = Debug;
		};
		A71902B716A8029400C1EC52 /* Release */ = {
			isa = XCBuildConfiguration;
			buildSettings = {
				DSTROOT = /tmp/DTDownload.dst;
				GCC_PRECOMPILE_PREFIX_HEADER = YES;
				GCC_PREFIX_HEADER = "Core/DTDownload-Prefix.pch";
				IPHONEOS_DEPLOYMENT_TARGET = 5.0;
				PRODUCT_NAME = DTDownload;
				SKIP_INSTALL = YES;
				USER_HEADER_SEARCH_PATHS = "Externals/DTFoundation/Core/Source Externals/DTFoundation/Core/Source/iOS";
			};
			name = Release;
		};
		A71903E116A8068B00C1EC52 /* Debug */ = {
			isa = XCBuildConfiguration;
			buildSettings = {
				GCC_ENABLE_OBJC_EXCEPTIONS = YES;
				GCC_PRECOMPILE_PREFIX_HEADER = YES;
				GCC_PREFIX_HEADER = "Core/DTDownload-Prefix.pch";
				GCC_WARN_64_TO_32_BIT_CONVERSION = YES;
				MACOSX_DEPLOYMENT_TARGET = 10.8;
				PRODUCT_NAME = "$(TARGET_NAME)";
				SDKROOT = macosx;
				USER_HEADER_SEARCH_PATHS = "Externals/DTFoundation/Core/Source Externals/DTFoundation/Core/Source/Mac";
			};
			name = Debug;
		};
		A71903E216A8068B00C1EC52 /* Release */ = {
			isa = XCBuildConfiguration;
			buildSettings = {
				DEBUG_INFORMATION_FORMAT = "dwarf-with-dsym";
				GCC_ENABLE_OBJC_EXCEPTIONS = YES;
				GCC_PRECOMPILE_PREFIX_HEADER = YES;
				GCC_PREFIX_HEADER = "Core/DTDownload-Prefix.pch";
				GCC_WARN_64_TO_32_BIT_CONVERSION = YES;
				MACOSX_DEPLOYMENT_TARGET = 10.8;
				PRODUCT_NAME = "$(TARGET_NAME)";
				SDKROOT = macosx;
				USER_HEADER_SEARCH_PATHS = "Externals/DTFoundation/Core/Source Externals/DTFoundation/Core/Source/Mac";
			};
			name = Release;
		};
		A719040316A808A700C1EC52 /* Debug */ = {
			isa = XCBuildConfiguration;
			buildSettings = {
				COMBINE_HIDPI_IMAGES = YES;
				FRAMEWORK_SEARCH_PATHS = "$(DEVELOPER_LIBRARY_DIR)/Frameworks";
				GCC_ENABLE_OBJC_EXCEPTIONS = YES;
				GCC_PRECOMPILE_PREFIX_HEADER = YES;
				GCC_PREFIX_HEADER = "Test/UnitTests-Prefix.pch";
				GCC_WARN_64_TO_32_BIT_CONVERSION = YES;
				INFOPLIST_FILE = "Test/UnitTests-Info.plist";
				MACOSX_DEPLOYMENT_TARGET = 10.8;
				OTHER_LDFLAGS = (
					"-all_load",
					"-ObjC",
				);
				PRODUCT_NAME = UnitTests;
				SDKROOT = macosx;
				WRAPPER_EXTENSION = octest;
			};
			name = Debug;
		};
		A719040416A808A700C1EC52 /* Release */ = {
			isa = XCBuildConfiguration;
			buildSettings = {
				COMBINE_HIDPI_IMAGES = YES;
				DEBUG_INFORMATION_FORMAT = "dwarf-with-dsym";
				FRAMEWORK_SEARCH_PATHS = "$(DEVELOPER_LIBRARY_DIR)/Frameworks";
				GCC_ENABLE_OBJC_EXCEPTIONS = YES;
				GCC_PRECOMPILE_PREFIX_HEADER = YES;
				GCC_PREFIX_HEADER = "Test/UnitTests-Prefix.pch";
				GCC_WARN_64_TO_32_BIT_CONVERSION = YES;
				INFOPLIST_FILE = "Test/UnitTests-Info.plist";
				MACOSX_DEPLOYMENT_TARGET = 10.8;
				OTHER_LDFLAGS = (
					"-all_load",
					"-ObjC",
				);
				PRODUCT_NAME = UnitTests;
				SDKROOT = macosx;
				WRAPPER_EXTENSION = octest;
			};
			name = Release;
		};
		A76F50421705D2E500DF52D5 /* Debug */ = {
			isa = XCBuildConfiguration;
			buildSettings = {
				PRODUCT_NAME = "$(TARGET_NAME)";
			};
			name = Debug;
		};
		A76F50431705D2E500DF52D5 /* Release */ = {
			isa = XCBuildConfiguration;
			buildSettings = {
				PRODUCT_NAME = "$(TARGET_NAME)";
			};
			name = Release;
		};
		FABA5ECC178ED6BE00D13C5A /* Debug */ = {
			isa = XCBuildConfiguration;
			buildSettings = {
				CODE_SIGN_IDENTITY = "iPhone Developer";
				"CODE_SIGN_IDENTITY[sdk=iphoneos*]" = "iPhone Developer";
				GCC_PRECOMPILE_PREFIX_HEADER = YES;
				GCC_PREFIX_HEADER = "ImageDownloadSample/ImageDownloadSample-Prefix.pch";
				INFOPLIST_FILE = "ImageDownloadSample/ImageDownloadSample-Info.plist";
				ONLY_ACTIVE_ARCH = YES;
				OTHER_LDFLAGS = "-ObjC";
				PRODUCT_NAME = "$(TARGET_NAME)";
				PROVISIONING_PROFILE = "";
				TARGETED_DEVICE_FAMILY = "1,2";
				WRAPPER_EXTENSION = app;
			};
			name = Debug;
		};
		FABA5ECD178ED6BE00D13C5A /* Release */ = {
			isa = XCBuildConfiguration;
			buildSettings = {
				CODE_SIGN_IDENTITY = "iPhone Developer";
				"CODE_SIGN_IDENTITY[sdk=iphoneos*]" = "iPhone Developer";
				GCC_PRECOMPILE_PREFIX_HEADER = YES;
				GCC_PREFIX_HEADER = "ImageDownloadSample/ImageDownloadSample-Prefix.pch";
				INFOPLIST_FILE = "ImageDownloadSample/ImageDownloadSample-Info.plist";
				OTHER_CFLAGS = "-DNS_BLOCK_ASSERTIONS=1";
				OTHER_LDFLAGS = "-ObjC";
				PRODUCT_NAME = "$(TARGET_NAME)";
				PROVISIONING_PROFILE = "";
				TARGETED_DEVICE_FAMILY = "1,2";
				WRAPPER_EXTENSION = app;
			};
			name = Release;
		};
/* End XCBuildConfiguration section */

/* Begin XCConfigurationList section */
		A71902A216A8029400C1EC52 /* Build configuration list for PBXProject "DTDownload" */ = {
			isa = XCConfigurationList;
			buildConfigurations = (
				A71902B316A8029400C1EC52 /* Debug */,
				A71902B416A8029400C1EC52 /* Release */,
			);
			defaultConfigurationIsVisible = 0;
			defaultConfigurationName = Release;
		};
		A71902B516A8029400C1EC52 /* Build configuration list for PBXNativeTarget "DTDownload (iOS)" */ = {
			isa = XCConfigurationList;
			buildConfigurations = (
				A71902B616A8029400C1EC52 /* Debug */,
				A71902B716A8029400C1EC52 /* Release */,
			);
			defaultConfigurationIsVisible = 0;
			defaultConfigurationName = Release;
		};
		A71903E016A8068B00C1EC52 /* Build configuration list for PBXNativeTarget "DTDownload (Mac)" */ = {
			isa = XCConfigurationList;
			buildConfigurations = (
				A71903E116A8068B00C1EC52 /* Debug */,
				A71903E216A8068B00C1EC52 /* Release */,
			);
			defaultConfigurationIsVisible = 0;
			defaultConfigurationName = Release;
		};
		A719040216A808A700C1EC52 /* Build configuration list for PBXNativeTarget "Unit Tests" */ = {
			isa = XCConfigurationList;
			buildConfigurations = (
				A719040316A808A700C1EC52 /* Debug */,
				A719040416A808A700C1EC52 /* Release */,
			);
			defaultConfigurationIsVisible = 0;
			defaultConfigurationName = Release;
		};
		A76F50411705D2E500DF52D5 /* Build configuration list for PBXAggregateTarget "Documentation" */ = {
			isa = XCConfigurationList;
			buildConfigurations = (
				A76F50421705D2E500DF52D5 /* Debug */,
				A76F50431705D2E500DF52D5 /* Release */,
			);
			defaultConfigurationIsVisible = 0;
			defaultConfigurationName = Release;
		};
		FABA5ECE178ED6BE00D13C5A /* Build configuration list for PBXNativeTarget "ImageDownloadSample" */ = {
			isa = XCConfigurationList;
			buildConfigurations = (
				FABA5ECC178ED6BE00D13C5A /* Debug */,
				FABA5ECD178ED6BE00D13C5A /* Release */,
			);
			defaultConfigurationIsVisible = 0;
			defaultConfigurationName = Release;
		};
/* End XCConfigurationList section */
	};
	rootObject = A719029F16A8029400C1EC52 /* Project object */;
}
